{
  "name": "dsh-vivid-motion",
  "version": "0.1.0",
  "lockfileVersion": 3,
  "requires": true,
  "packages": {
    "": {
      "name": "dsh-vivid-motion",
      "version": "0.1.0",
      "license": "MIT",
      "dependencies": {
        "dsh-click-spark": "file:packages/dsh-click-spark",
        "dsh-copy-toast": "file:packages/dsh-copy-toast",
        "dsh-reasoning-slider": "file:packages/dsh-reasoning-slider",
        "dsh-smooth-caret": "file:packages/dsh-smooth-caret"
      }
    },
    "node_modules/dsh-click-spark": {
      "resolved": "packages/dsh-click-spark",
      "link": true
    },
    "node_modules/dsh-copy-toast": {
      "resolved": "packages/dsh-copy-toast",
      "link": true
    },
    "node_modules/dsh-reasoning-slider": {
      "resolved": "packages/dsh-reasoning-slider",
      "link": true
    },
    "node_modules/dsh-smooth-caret": {
      "resolved": "packages/dsh-smooth-caret",
      "link": true
    },
    "packages/dsh-click-spark": {
      "version": "0.1.0",
      "license": "MIT"
    },
    "packages/dsh-copy-toast": {
      "version": "0.1.0",
      "license": "MIT"
    },
    "packages/dsh-reasoning-slider": {
      "version": "0.1.0"
    },
    "packages/dsh-smooth-caret": {
      "version": "0.1.0"
    }
  }
}
